<?xml version="1.0" encoding="utf-8"?>
<Project ToolsVersion="4.0" xmlns="http://schemas.microsoft.com/developer/msbuild/2003">
  <ItemGroup>
    <Filter Include="源文件">
      <UniqueIdentifier>{4FC737F1-C7A5-4376-A066-2A32D752A2FF}</UniqueIdentifier>
      <Extensions>cpp;c;cc;cxx;def;odl;idl;hpj;bat;asm;asmx</Extensions>
    </Filter>
    <Filter Include="头文件">
      <UniqueIdentifier>{93995380-89BD-4b04-88EB-625FBE52EBFB}</UniqueIdentifier>
      <Extensions>h;hpp;hxx;hm;inl;inc;xsd</Extensions>
    </Filter>
    <Filter Include="资源文件">
      <UniqueIdentifier>{67DA6AB6-F800-4c08-8B7A-83BB121AAD01}</UniqueIdentifier>
      <Extensions>rc;ico;cur;bmp;dlg;rc2;rct;bin;rgs;gif;jpg;jpeg;jpe;resx;tiff;tif;png;wav;mfcribbon-ms</Extensions>
    </Filter>
    <Filter Include="源文件\spt">
      <UniqueIdentifier>{45cb6631-7ae5-4c51-aaf0-5e7048b6aa92}</UniqueIdentifier>
    </Filter>
  </ItemGroup>
  <ItemGroup>
    <ClCompile Include="main.cpp">
      <Filter>源文件</Filter>
    </ClCompile>
    <ClCompile Include="spt\sptworld.cpp">
      <Filter>源文件\spt</Filter>
    </ClCompile>
    <ClCompile Include="spt\spttracer.cpp">
      <Filter>源文件\spt</Filter>
    </ClCompile>
    <ClCompile Include="spt\sptobject.cpp">
      <Filter>源文件\spt</Filter>
    </ClCompile>
    <ClCompile Include="spt\sptcamera.cpp">
      <Filter>源文件\spt</Filter>
    </ClCompile>
    <ClCompile Include="spt\sptsampler.cpp">
      <Filter>源文件\spt</Filter>
    </ClCompile>
    <ClCompile Include="spt\sptshade.cpp">
      <Filter>源文件\spt</Filter>
    </ClCompile>
    <ClCompile Include="spt\sptshape.cpp">
      <Filter>源文件\spt</Filter>
    </ClCompile>
    <ClCompile Include="spt\sptmaterial.cpp">
      <Filter>源文件\spt</Filter>
    </ClCompile>
    <ClCompile Include="spt\sptlight.cpp">
      <Filter>源文件\spt</Filter>
    </ClCompile>
  </ItemGroup>
  <ItemGroup>
    <ClInclude Include="spt\sptworld.h">
      <Filter>源文件\spt</Filter>
    </ClInclude>
    <ClInclude Include="spt\spttracer.h">
      <Filter>源文件\spt</Filter>
    </ClInclude>
    <ClInclude Include="spt\sptobject.h">
      <Filter>源文件\spt</Filter>
    </ClInclude>
    <ClInclude Include="spt\sptcamera.h">
      <Filter>源文件\spt</Filter>
    </ClInclude>
    <ClInclude Include="spt\sptvector.h">
      <Filter>源文件\spt</Filter>
    </ClInclude>
    <ClInclude Include="spt\sptsampler.h">
      <Filter>源文件\spt</Filter>
    </ClInclude>
    <ClInclude Include="spt\sptshape.h">
      <Filter>源文件\spt</Filter>
    </ClInclude>
    <ClInclude Include="spt\sptutil.h">
      <Filter>源文件\spt</Filter>
    </ClInclude>
    <ClInclude Include="spt\sptshade.h">
      <Filter>源文件\spt</Filter>
    </ClInclude>
    <ClInclude Include="spt\sptmaterial.h">
      <Filter>源文件\spt</Filter>
    </ClInclude>
    <ClInclude Include="spt\sptlight.h">
      <Filter>源文件\spt</Filter>
    </ClInclude>
  </ItemGroup>
</Project>